# @generated by Move, please check-in and do not edit manually.

[move]
version = 2
manifest_digest = "5A60749124888EDD5A75DA2788337F057CA844931C0886EDA206892136B3EBEB"
deps_digest = "F8BBB0CCB2491CA29A3DF03D6F92277A4F3574266507ACD77214D37ECA3F3082"
dependencies = [
  { name = "Sui" },
]

[[move.package]]
name = "MoveStdlib"
source = { git = "https://github.com/MystenLabs/sui.git", rev = "framework/testnet", subdir = "crates/sui-framework/packages/move-stdlib" }

[[move.package]]
name = "Sui"
source = { git = "https://github.com/MystenLabs/sui.git", rev = "framework/testnet", subdir = "crates/sui-framework/packages/sui-framework" }

dependencies = [
  { name = "MoveStdlib" },
]

[move.toolchain-version]
compiler-version = "1.26.0"
edition = "legacy"
flavor = "sui"

[env]

[env.testnet]
chain-id = "4c78adac"
original-published-id = "0x151b4c8e12bdac11c71c263f9489fcc33347ee704998a8ffb0242f22bbe74301"
latest-published-id = "0x151b4c8e12bdac11c71c263f9489fcc33347ee704998a8ffb0242f22bbe74301"
published-version = "1"
